Microsoft Visual Studio Solution File, Format Version 11.00
# Visual Studio 2008

Project("{C3EE163C-469F-0000-1AEA-EB541B786214}") = "foundation mini project", "Assembly-CSharp-firstpass.csproj", "{1EBE65D9-1931-1E37-CCFC-737B850ABF5F}"
EndProject
Project("{C3EE163C-469F-0000-1AEA-EB541B786214}") = "foundation mini project", "Assembly-UnityScript-firstpass.unityproj", "{69E3317E-61A0-155C-9EF6-3A384BAED8C4}"
EndProject
Global
	GlobalSection(SolutionConfigurationPlatforms) = preSolution
		Debug|Any CPU = Debug|Any CPU
		Release|Any CPU = Release|Any CPU
	EndGlobalSection
	GlobalSection(ProjectConfigurationPlatforms) = postSolution
		{1EBE65D9-1931-1E37-CCFC-737B850ABF5F}.Debug|Any CPU.ActiveCfg = Debug|Any CPU
		{1EBE65D9-1931-1E37-CCFC-737B850ABF5F}.Debug|Any CPU.Build.0 = Debug|Any CPU
		{1EBE65D9-1931-1E37-CCFC-737B850ABF5F}.Release|Any CPU.ActiveCfg = Release|Any CPU
		{1EBE65D9-1931-1E37-CCFC-737B850ABF5F}.Release|Any CPU.Build.0 = Release|Any CPU
		{69E3317E-61A0-155C-9EF6-3A384BAED8C4}.Debug|Any CPU.ActiveCfg = Debug|Any CPU
		{69E3317E-61A0-155C-9EF6-3A384BAED8C4}.Debug|Any CPU.Build.0 = Debug|Any CPU
		{69E3317E-61A0-155C-9EF6-3A384BAED8C4}.Release|Any CPU.ActiveCfg = Release|Any CPU
		{69E3317E-61A0-155C-9EF6-3A384BAED8C4}.Release|Any CPU.Build.0 = Release|Any CPU
	EndGlobalSection
	GlobalSection(SolutionProperties) = preSolution
		HideSolutionNode = FALSE
	EndGlobalSection
								GlobalSection(MonoDevelopProperties) = preSolution
		StartupItem = Assembly-CSharp.csproj
		Policies = $0
		$0.TextStylePolicy = $1
		$1.inheritsSet = null
		$1.scope = text/x-csharp
		$0.CSharpFormattingPolicy = $2
		$2.inheritsSet = Mono
		$2.inheritsScope = text/x-csharp
		$2.scope = text/x-csharp
		$0.TextStylePolicy = $3
		$3.FileWidth = 120
		$3.TabWidth = 4
		$3.EolMarker = Unix
		$3.inheritsSet = Mono
		$3.inheritsScope = text/plain
		$3.scope = text/plain
	EndGlobalSection

EndGlobal
